
Microsoft Visual Studio Solution File, Format Version 12.00
# Visual Studio 15
VisualStudioVersion = 15.0.27428.2015
MinimumVisualStudioVersion = 10.0.40219.1
Project("{FAE04EC0-301F-11D3-BF4B-00C04F79EFBC}") = "ZipStudio.Core", "ZipStudio.Core\ZipStudio.Core.csproj", "{660EB6B7-1A09-4095-9F01-293BC099F43F}"
EndProject
Project("{FAE04EC0-301F-11D3-BF4B-00C04F79EFBC}") = "ZipStudio", "ZipStudio\ZipStudio.csproj", "{8D7D9880-24B3-4B7C-B0B0-50C9B09FF035}"
EndProject
Global
	GlobalSection(SolutionConfigurationPlatforms) = preSolution
		Debug|Any CPU = Debug|Any CPU
		Release|Any CPU = Release|Any CPU
	EndGlobalSection
	GlobalSection(ProjectConfigurationPlatforms) = postSolution
		{660EB6B7-1A09-4095-9F01-293BC099F43F}.Debug|Any CPU.ActiveCfg = Debug|Any CPU
		{660EB6B7-1A09-4095-9F01-293BC099F43F}.Debug|Any CPU.Build.0 = Debug|Any CPU
		{660EB6B7-1A09-4095-9F01-293BC099F43F}.Release|Any CPU.ActiveCfg = Release|Any CPU
		{660EB6B7-1A09-4095-9F01-293BC099F43F}.Release|Any CPU.Build.0 = Release|Any CPU
		{8D7D9880-24B3-4B7C-B0B0-50C9B09FF035}.Debug|Any CPU.ActiveCfg = Debug|Any CPU
		{8D7D9880-24B3-4B7C-B0B0-50C9B09FF035}.Debug|Any CPU.Build.0 = Debug|Any CPU
		{8D7D9880-24B3-4B7C-B0B0-50C9B09FF035}.Release|Any CPU.ActiveCfg = Release|Any CPU
		{8D7D9880-24B3-4B7C-B0B0-50C9B09FF035}.Release|Any CPU.Build.0 = Release|Any CPU
	EndGlobalSection
	GlobalSection(SolutionProperties) = preSolution
		HideSolutionNode = FALSE
	EndGlobalSection
	GlobalSection(ExtensibilityGlobals) = postSolution
		SolutionGuid = {13DCE93C-6396-41D4-92B9-1B83E79BE239}
	EndGlobalSection
EndGlobal
